
Microsoft Visual Studio Solution File, Format Version 12.00
# Visual Studio Version 17
VisualStudioVersion = 17.0.31912.275
MinimumVisualStudioVersion = 10.0.40219.1
Project("{9A19103F-16F7-4668-BE54-9A1E7A4F7556}") = "SBRW.Launcher", "SBRW.Launcher.Net\SBRW.Launcher.csproj", "{597F78C3-160F-4203-ABA8-DEDC557CB45E}"
EndProject
Project("{2150E333-8FDC-42A3-9474-1A3956D46DE8}") = "Solution Items", "Solution Items", "{1207E7DB-42B1-4005-BC30-207DE30974EA}"
	ProjectSection(SolutionItems) = preProject
		.editorconfig = .editorconfig
	EndProjectSection
EndProject
Project("{9A19103F-16F7-4668-BE54-9A1E7A4F7556}") = "GameLauncher", "GameLauncher\GameLauncher.csproj", "{342E1085-9083-445E-82BE-342BCF256688}"
EndProject
Global
	GlobalSection(SolutionConfigurationPlatforms) = preSolution
		Debug|Any CPU = Debug|Any CPU
		Debug|x86 = Debug|x86
		Release|Any CPU = Release|Any CPU
		Release|x86 = Release|x86
	EndGlobalSection
	GlobalSection(ProjectConfigurationPlatforms) = postSolution
		{597F78C3-160F-4203-ABA8-DEDC557CB45E}.Debug|Any CPU.ActiveCfg = Debug|Any CPU
		{597F78C3-160F-4203-ABA8-DEDC557CB45E}.Debug|Any CPU.Build.0 = Debug|Any CPU
		{597F78C3-160F-4203-ABA8-DEDC557CB45E}.Debug|x86.ActiveCfg = Debug|Any CPU
		{597F78C3-160F-4203-ABA8-DEDC557CB45E}.Debug|x86.Build.0 = Debug|Any CPU
		{597F78C3-160F-4203-ABA8-DEDC557CB45E}.Release|Any CPU.ActiveCfg = Release|Any CPU
		{597F78C3-160F-4203-ABA8-DEDC557CB45E}.Release|Any CPU.Build.0 = Release|Any CPU
		{597F78C3-160F-4203-ABA8-DEDC557CB45E}.Release|x86.ActiveCfg = Release|x86
		{597F78C3-160F-4203-ABA8-DEDC557CB45E}.Release|x86.Build.0 = Release|x86
		{342E1085-9083-445E-82BE-342BCF256688}.Debug|Any CPU.ActiveCfg = Debug|Any CPU
		{342E1085-9083-445E-82BE-342BCF256688}.Debug|Any CPU.Build.0 = Debug|Any CPU
		{342E1085-9083-445E-82BE-342BCF256688}.Debug|x86.ActiveCfg = Debug|x86
		{342E1085-9083-445E-82BE-342BCF256688}.Debug|x86.Build.0 = Debug|x86
		{342E1085-9083-445E-82BE-342BCF256688}.Release|Any CPU.ActiveCfg = Release|Any CPU
		{342E1085-9083-445E-82BE-342BCF256688}.Release|Any CPU.Build.0 = Release|Any CPU
		{342E1085-9083-445E-82BE-342BCF256688}.Release|x86.ActiveCfg = Release|Any CPU
		{342E1085-9083-445E-82BE-342BCF256688}.Release|x86.Build.0 = Release|Any CPU
	EndGlobalSection
	GlobalSection(SolutionProperties) = preSolution
		HideSolutionNode = FALSE
	EndGlobalSection
	GlobalSection(ExtensibilityGlobals) = postSolution
		SolutionGuid = {D5676C1F-BDC9-426F-A5B2-FEA3833B83CA}
	EndGlobalSection
EndGlobal
